
Microsoft Visual Studio Solution File, Format Version 12.00
# Visual Studio Version 17
VisualStudioVersion = 17.1.32210.238
MinimumVisualStudioVersion = 10.0.40219.1
Project("{FAE04EC0-301F-11D3-BF4B-00C04F79EFBC}") = "Peep.Search.Application", "Peep.SearchService\Peep.Search.Application.csproj", "{EC96A25C-CA5F-4FD3-847B-3CA7D7C901EC}"
EndProject
Project("{2150E333-8FDC-42A3-9474-1A3956D46DE8}") = "Application", "Application", "{5F19DDE1-4D8F-44B7-AA6A-48940946CB0D}"
EndProject
Project("{2150E333-8FDC-42A3-9474-1A3956D46DE8}") = "Domain", "Domain", "{23818378-4399-4F00-9E98-8E944123FBA7}"
EndProject
Project("{2150E333-8FDC-42A3-9474-1A3956D46DE8}") = "Infrastructure.Data", "Infrastructure.Data", "{5BBC3EC0-765D-401F-A4B0-9D062819C068}"
EndProject
Project("{FAE04EC0-301F-11D3-BF4B-00C04F79EFBC}") = "Peep.Search.Domain", "Peep.Search.Domain\Peep.Search.Domain.csproj", "{65B1BCFC-8C1A-4B47-903D-87A13FA03024}"
EndProject
Project("{FAE04EC0-301F-11D3-BF4B-00C04F79EFBC}") = "Peep.Search.Infrastructure.Data", "Peep.Search.Infrastructure.Data\Peep.Search.Infrastructure.Data.csproj", "{46108206-6BAB-4655-841D-CFB2A692AE71}"
EndProject
Global
	GlobalSection(SolutionConfigurationPlatforms) = preSolution
		Debug|Any CPU = Debug|Any CPU
		Release|Any CPU = Release|Any CPU
	EndGlobalSection
	GlobalSection(ProjectConfigurationPlatforms) = postSolution
		{EC96A25C-CA5F-4FD3-847B-3CA7D7C901EC}.Debug|Any CPU.ActiveCfg = Debug|Any CPU
		{EC96A25C-CA5F-4FD3-847B-3CA7D7C901EC}.Debug|Any CPU.Build.0 = Debug|Any CPU
		{EC96A25C-CA5F-4FD3-847B-3CA7D7C901EC}.Release|Any CPU.ActiveCfg = Release|Any CPU
		{EC96A25C-CA5F-4FD3-847B-3CA7D7C901EC}.Release|Any CPU.Build.0 = Release|Any CPU
		{65B1BCFC-8C1A-4B47-903D-87A13FA03024}.Debug|Any CPU.ActiveCfg = Debug|Any CPU
		{65B1BCFC-8C1A-4B47-903D-87A13FA03024}.Debug|Any CPU.Build.0 = Debug|Any CPU
		{65B1BCFC-8C1A-4B47-903D-87A13FA03024}.Release|Any CPU.ActiveCfg = Release|Any CPU
		{65B1BCFC-8C1A-4B47-903D-87A13FA03024}.Release|Any CPU.Build.0 = Release|Any CPU
		{46108206-6BAB-4655-841D-CFB2A692AE71}.Debug|Any CPU.ActiveCfg = Debug|Any CPU
		{46108206-6BAB-4655-841D-CFB2A692AE71}.Debug|Any CPU.Build.0 = Debug|Any CPU
		{46108206-6BAB-4655-841D-CFB2A692AE71}.Release|Any CPU.ActiveCfg = Release|Any CPU
		{46108206-6BAB-4655-841D-CFB2A692AE71}.Release|Any CPU.Build.0 = Release|Any CPU
	EndGlobalSection
	GlobalSection(SolutionProperties) = preSolution
		HideSolutionNode = FALSE
	EndGlobalSection
	GlobalSection(NestedProjects) = preSolution
		{EC96A25C-CA5F-4FD3-847B-3CA7D7C901EC} = {5F19DDE1-4D8F-44B7-AA6A-48940946CB0D}
		{65B1BCFC-8C1A-4B47-903D-87A13FA03024} = {23818378-4399-4F00-9E98-8E944123FBA7}
		{46108206-6BAB-4655-841D-CFB2A692AE71} = {5BBC3EC0-765D-401F-A4B0-9D062819C068}
	EndGlobalSection
	GlobalSection(ExtensibilityGlobals) = postSolution
		SolutionGuid = {4A4A3CC3-BF33-4488-A2EA-AA403DE261FA}
	EndGlobalSection
EndGlobal
