
Microsoft Visual Studio Solution File, Format Version 12.00
# Visual Studio Version 17
VisualStudioVersion = 17.0.31825.309
MinimumVisualStudioVersion = 10.0.40219.1
Project("{2150E333-8FDC-42A3-9474-1A3956D46DE8}") = "Application", "Application", "{B23151C8-F8E7-40E7-9672-B49B0C494D46}"
EndProject
Project("{2150E333-8FDC-42A3-9474-1A3956D46DE8}") = "Domain", "Domain", "{0142EA03-33BD-45AE-849A-423971EAC56B}"
EndProject
Project("{9A19103F-16F7-4668-BE54-9A1E7A4F7556}") = "Peep.Parrot.Application", "Peep.Parrot.Application\Peep.Parrot.Application.csproj", "{8800134F-7AB1-42B6-A5F5-DDEBB3E741AA}"
EndProject
Project("{2150E333-8FDC-42A3-9474-1A3956D46DE8}") = "Solution Items", "Solution Items", "{FEBA3693-29C7-4C75-A1EB-151D90A186DD}"
	ProjectSection(SolutionItems) = preProject
		.gitignore = .gitignore
	EndProjectSection
EndProject
Project("{9A19103F-16F7-4668-BE54-9A1E7A4F7556}") = "Peep.Parrot.Domain", "Peep.Parrot.Domain\Peep.Parrot.Domain.csproj", "{6704CF24-0E59-4C58-9DF7-BE8FE3EFCA7F}"
EndProject
Project("{2150E333-8FDC-42A3-9474-1A3956D46DE8}") = "_development_", "_development_", "{C1A69895-B60D-4FE1-A403-94FB1C2A934F}"
	ProjectSection(SolutionItems) = preProject
		CreateDatabase.sql = CreateDatabase.sql
	EndProjectSection
EndProject
Global
	GlobalSection(SolutionConfigurationPlatforms) = preSolution
		Debug|Any CPU = Debug|Any CPU
		Release|Any CPU = Release|Any CPU
	EndGlobalSection
	GlobalSection(ProjectConfigurationPlatforms) = postSolution
		{8800134F-7AB1-42B6-A5F5-DDEBB3E741AA}.Debug|Any CPU.ActiveCfg = Debug|Any CPU
		{8800134F-7AB1-42B6-A5F5-DDEBB3E741AA}.Debug|Any CPU.Build.0 = Debug|Any CPU
		{8800134F-7AB1-42B6-A5F5-DDEBB3E741AA}.Release|Any CPU.ActiveCfg = Release|Any CPU
		{8800134F-7AB1-42B6-A5F5-DDEBB3E741AA}.Release|Any CPU.Build.0 = Release|Any CPU
		{6704CF24-0E59-4C58-9DF7-BE8FE3EFCA7F}.Debug|Any CPU.ActiveCfg = Debug|Any CPU
		{6704CF24-0E59-4C58-9DF7-BE8FE3EFCA7F}.Debug|Any CPU.Build.0 = Debug|Any CPU
		{6704CF24-0E59-4C58-9DF7-BE8FE3EFCA7F}.Release|Any CPU.ActiveCfg = Release|Any CPU
		{6704CF24-0E59-4C58-9DF7-BE8FE3EFCA7F}.Release|Any CPU.Build.0 = Release|Any CPU
	EndGlobalSection
	GlobalSection(SolutionProperties) = preSolution
		HideSolutionNode = FALSE
	EndGlobalSection
	GlobalSection(NestedProjects) = preSolution
		{8800134F-7AB1-42B6-A5F5-DDEBB3E741AA} = {B23151C8-F8E7-40E7-9672-B49B0C494D46}
		{6704CF24-0E59-4C58-9DF7-BE8FE3EFCA7F} = {0142EA03-33BD-45AE-849A-423971EAC56B}
	EndGlobalSection
	GlobalSection(ExtensibilityGlobals) = postSolution
		SolutionGuid = {378FD623-4CE9-47B3-B2C2-D3411B04C521}
	EndGlobalSection
EndGlobal
