
Microsoft Visual Studio Solution File, Format Version 12.00
# Visual Studio Version 17
VisualStudioVersion = 17.0.31825.309
MinimumVisualStudioVersion = 10.0.40219.1
Project("{2150E333-8FDC-42A3-9474-1A3956D46DE8}") = "Application", "Application", "{B23151C8-F8E7-40E7-9672-B49B0C494D46}"
EndProject
Project("{2150E333-8FDC-42A3-9474-1A3956D46DE8}") = "Domain", "Domain", "{0142EA03-33BD-45AE-849A-423971EAC56B}"
EndProject
Project("{2150E333-8FDC-42A3-9474-1A3956D46DE8}") = "Repositories", "Repositories", "{1501289E-D698-4A60-8205-906E899171C6}"
EndProject
Project("{9A19103F-16F7-4668-BE54-9A1E7A4F7556}") = "Peep.Parrot.Application", "Peep.Parrot.Application\Peep.Parrot.Application.csproj", "{8800134F-7AB1-42B6-A5F5-DDEBB3E741AA}"
EndProject
Project("{2150E333-8FDC-42A3-9474-1A3956D46DE8}") = "Infrastructure.Data", "Infrastructure.Data", "{3989DE33-D2F8-4A35-9C18-EDB96C822FE4}"
EndProject
Project("{9A19103F-16F7-4668-BE54-9A1E7A4F7556}") = "Peep.Parrot.Infrastructure.Data", "Peep.Parrot.Infrastructure.Data\Peep.Parrot.Infrastructure.Data.csproj", "{38ABE4A6-BD24-4290-9C6F-307B57FF8A25}"
EndProject
Project("{2150E333-8FDC-42A3-9474-1A3956D46DE8}") = "Solution Items", "Solution Items", "{FEBA3693-29C7-4C75-A1EB-151D90A186DD}"
	ProjectSection(SolutionItems) = preProject
		.gitignore = .gitignore
	EndProjectSection
EndProject
Project("{9A19103F-16F7-4668-BE54-9A1E7A4F7556}") = "Peep.Parrot.Domain", "Peep.Parrot.Domain\Peep.Parrot.Domain.csproj", "{6704CF24-0E59-4C58-9DF7-BE8FE3EFCA7F}"
EndProject
Project("{9A19103F-16F7-4668-BE54-9A1E7A4F7556}") = "Peep.Parrot.Repositories", "Peep.Parrot.Repositories\Peep.Parrot.Repositories.csproj", "{D84C509D-3EF0-4021-A48C-90B73089EF7F}"
EndProject
Project("{2150E333-8FDC-42A3-9474-1A3956D46DE8}") = "Hubs", "Hubs", "{787651DD-E349-4EAD-81DD-D8340BD80B11}"
EndProject
Project("{9A19103F-16F7-4668-BE54-9A1E7A4F7556}") = "Peep.Parrot.Hubs", "Peep.Parrot.Hubs\Peep.Parrot.Hubs.csproj", "{568C5FA2-96E2-4B58-89CA-142D0AB0A022}"
EndProject
Project("{2150E333-8FDC-42A3-9474-1A3956D46DE8}") = "Shared", "Shared", "{691FA0B9-CE9F-48A1-8D20-A4E762632978}"
EndProject
Project("{9A19103F-16F7-4668-BE54-9A1E7A4F7556}") = "Peep.Parrot.Shared", "Peep.Parrot.Shared\Peep.Parrot.Shared.csproj", "{FB3E97D7-3D60-4DD8-B4B8-9AB24ACFB578}"
EndProject
Project("{2150E333-8FDC-42A3-9474-1A3956D46DE8}") = "Infrastructure.IoC", "Infrastructure.IoC", "{4A37EA16-FCEF-40A7-BEE1-2712CAB2DC59}"
EndProject
Project("{FAE04EC0-301F-11D3-BF4B-00C04F79EFBC}") = "Peep.Parrot.Infrastructure.IoC", "Peep.Parrot.Infrastructure.IoC\Peep.Parrot.Infrastructure.IoC.csproj", "{1D2FF269-0CCC-4AD5-BE12-3BBA5B75FF18}"
EndProject
Global
	GlobalSection(SolutionConfigurationPlatforms) = preSolution
		Debug|Any CPU = Debug|Any CPU
		Release|Any CPU = Release|Any CPU
	EndGlobalSection
	GlobalSection(ProjectConfigurationPlatforms) = postSolution
		{8800134F-7AB1-42B6-A5F5-DDEBB3E741AA}.Debug|Any CPU.ActiveCfg = Debug|Any CPU
		{8800134F-7AB1-42B6-A5F5-DDEBB3E741AA}.Debug|Any CPU.Build.0 = Debug|Any CPU
		{8800134F-7AB1-42B6-A5F5-DDEBB3E741AA}.Release|Any CPU.ActiveCfg = Release|Any CPU
		{8800134F-7AB1-42B6-A5F5-DDEBB3E741AA}.Release|Any CPU.Build.0 = Release|Any CPU
		{38ABE4A6-BD24-4290-9C6F-307B57FF8A25}.Debug|Any CPU.ActiveCfg = Debug|Any CPU
		{38ABE4A6-BD24-4290-9C6F-307B57FF8A25}.Debug|Any CPU.Build.0 = Debug|Any CPU
		{38ABE4A6-BD24-4290-9C6F-307B57FF8A25}.Release|Any CPU.ActiveCfg = Release|Any CPU
		{38ABE4A6-BD24-4290-9C6F-307B57FF8A25}.Release|Any CPU.Build.0 = Release|Any CPU
		{6704CF24-0E59-4C58-9DF7-BE8FE3EFCA7F}.Debug|Any CPU.ActiveCfg = Debug|Any CPU
		{6704CF24-0E59-4C58-9DF7-BE8FE3EFCA7F}.Debug|Any CPU.Build.0 = Debug|Any CPU
		{6704CF24-0E59-4C58-9DF7-BE8FE3EFCA7F}.Release|Any CPU.ActiveCfg = Release|Any CPU
		{6704CF24-0E59-4C58-9DF7-BE8FE3EFCA7F}.Release|Any CPU.Build.0 = Release|Any CPU
		{D84C509D-3EF0-4021-A48C-90B73089EF7F}.Debug|Any CPU.ActiveCfg = Debug|Any CPU
		{D84C509D-3EF0-4021-A48C-90B73089EF7F}.Debug|Any CPU.Build.0 = Debug|Any CPU
		{D84C509D-3EF0-4021-A48C-90B73089EF7F}.Release|Any CPU.ActiveCfg = Release|Any CPU
		{D84C509D-3EF0-4021-A48C-90B73089EF7F}.Release|Any CPU.Build.0 = Release|Any CPU
		{568C5FA2-96E2-4B58-89CA-142D0AB0A022}.Debug|Any CPU.ActiveCfg = Debug|Any CPU
		{568C5FA2-96E2-4B58-89CA-142D0AB0A022}.Debug|Any CPU.Build.0 = Debug|Any CPU
		{568C5FA2-96E2-4B58-89CA-142D0AB0A022}.Release|Any CPU.ActiveCfg = Release|Any CPU
		{568C5FA2-96E2-4B58-89CA-142D0AB0A022}.Release|Any CPU.Build.0 = Release|Any CPU
		{FB3E97D7-3D60-4DD8-B4B8-9AB24ACFB578}.Debug|Any CPU.ActiveCfg = Debug|Any CPU
		{FB3E97D7-3D60-4DD8-B4B8-9AB24ACFB578}.Debug|Any CPU.Build.0 = Debug|Any CPU
		{FB3E97D7-3D60-4DD8-B4B8-9AB24ACFB578}.Release|Any CPU.ActiveCfg = Release|Any CPU
		{FB3E97D7-3D60-4DD8-B4B8-9AB24ACFB578}.Release|Any CPU.Build.0 = Release|Any CPU
		{1D2FF269-0CCC-4AD5-BE12-3BBA5B75FF18}.Debug|Any CPU.ActiveCfg = Debug|Any CPU
		{1D2FF269-0CCC-4AD5-BE12-3BBA5B75FF18}.Debug|Any CPU.Build.0 = Debug|Any CPU
		{1D2FF269-0CCC-4AD5-BE12-3BBA5B75FF18}.Release|Any CPU.ActiveCfg = Release|Any CPU
		{1D2FF269-0CCC-4AD5-BE12-3BBA5B75FF18}.Release|Any CPU.Build.0 = Release|Any CPU
	EndGlobalSection
	GlobalSection(SolutionProperties) = preSolution
		HideSolutionNode = FALSE
	EndGlobalSection
	GlobalSection(NestedProjects) = preSolution
		{8800134F-7AB1-42B6-A5F5-DDEBB3E741AA} = {B23151C8-F8E7-40E7-9672-B49B0C494D46}
		{38ABE4A6-BD24-4290-9C6F-307B57FF8A25} = {3989DE33-D2F8-4A35-9C18-EDB96C822FE4}
		{6704CF24-0E59-4C58-9DF7-BE8FE3EFCA7F} = {0142EA03-33BD-45AE-849A-423971EAC56B}
		{D84C509D-3EF0-4021-A48C-90B73089EF7F} = {1501289E-D698-4A60-8205-906E899171C6}
		{568C5FA2-96E2-4B58-89CA-142D0AB0A022} = {787651DD-E349-4EAD-81DD-D8340BD80B11}
		{FB3E97D7-3D60-4DD8-B4B8-9AB24ACFB578} = {691FA0B9-CE9F-48A1-8D20-A4E762632978}
		{1D2FF269-0CCC-4AD5-BE12-3BBA5B75FF18} = {4A37EA16-FCEF-40A7-BEE1-2712CAB2DC59}
	EndGlobalSection
	GlobalSection(ExtensibilityGlobals) = postSolution
		SolutionGuid = {378FD623-4CE9-47B3-B2C2-D3411B04C521}
	EndGlobalSection
EndGlobal
